// !$*UTF8*$!
{
	archiveVersion = 1;
	classes = {
	};
	objectVersion = 50;
	objects = {

/* Begin PBXBuildFile section */
		2E19043C22E886D600D1B03B /* Location.swift in Sources */ = {isa = PBXBuildFile; fileRef = 2E19043B22E886D600D1B03B /* Location.swift */; };
		2E19043F22E88A3C00D1B03B /* MapKit.framework in Frameworks */ = {isa = PBXBuildFile; fileRef = 2E19043E22E88A3C00D1B03B /* MapKit.framework */; };
		2E19044122E9EBAE00D1B03B /* LocationTableViewCell.swift in Sources */ = {isa = PBXBuildFile; fileRef = 2E19044022E9EBAE00D1B03B /* LocationTableViewCell.swift */; };
		F9FF498E22E166F000967C3C /* AppDelegate.swift in Sources */ = {isa = PBXBuildFile; fileRef = F9FF498D22E166F000967C3C /* AppDelegate.swift */; };
		F9FF499022E166F000967C3C /* ViewController.swift in Sources */ = {isa = PBXBuildFile; fileRef = F9FF498F22E166F000967C3C /* ViewController.swift */; };
		F9FF499322E166F000967C3C /* Main.storyboard in Resources */ = {isa = PBXBuildFile; fileRef = F9FF499122E166F000967C3C /* Main.storyboard */; };
		F9FF499522E166F100967C3C /* Assets.xcassets in Resources */ = {isa = PBXBuildFile; fileRef = F9FF499422E166F100967C3C /* Assets.xcassets */; };
		F9FF499822E166F100967C3C /* LaunchScreen.storyboard in Resources */ = {isa = PBXBuildFile; fileRef = F9FF499622E166F100967C3C /* LaunchScreen.storyboard */; };
/* End PBXBuildFile section */

/* Begin PBXFileReference section */
		2E19043B22E886D600D1B03B /* Location.swift */ = {isa = PBXFileReference; lastKnownFileType = sourcecode.swift; path = Location.swift; sourceTree = "<group>"; };
		2E19043E22E88A3C00D1B03B /* MapKit.framework */ = {isa = PBXFileReference; lastKnownFileType = wrapper.framework; name = MapKit.framework; path = System/Library/Frameworks/MapKit.framework; sourceTree = SDKROOT; };
		2E19044022E9EBAE00D1B03B /* LocationTableViewCell.swift */ = {isa = PBXFileReference; lastKnownFileType = sourcecode.swift; path = LocationTableViewCell.swift; sourceTree = "<group>"; };
		F9FF498A22E166F000967C3C /* CreateAppointment.app */ = {isa = PBXFileReference; explicitFileType = wrapper.application; includeInIndex = 0; path = CreateAppointment.app; sourceTree = BUILT_PRODUCTS_DIR; };
		F9FF498D22E166F000967C3C /* AppDelegate.swift */ = {isa = PBXFileReference; lastKnownFileType = sourcecode.swift; path = AppDelegate.swift; sourceTree = "<group>"; };
		F9FF498F22E166F000967C3C /* ViewController.swift */ = {isa = PBXFileReference; lastKnownFileType = sourcecode.swift; path = ViewController.swift; sourceTree = "<group>"; };
		F9FF499222E166F000967C3C /* Base */ = {isa = PBXFileReference; lastKnownFileType = file.storyboard; name = Base; path = Base.lproj/Main.storyboard; sourceTree = "<group>"; };
		F9FF499422E166F100967C3C /* Assets.xcassets */ = {isa = PBXFileReference; lastKnownFileType = folder.assetcatalog; path = Assets.xcassets; sourceTree = "<group>"; };
		F9FF499722E166F100967C3C /* Base */ = {isa = PBXFileReference; lastKnownFileType = file.storyboard; name = Base; path = Base.lproj/LaunchScreen.storyboard; sourceTree = "<group>"; };
		F9FF499922E166F100967C3C /* Info.plist */ = {isa = PBXFileReference; lastKnownFileType = text.plist.xml; path = Info.plist; sourceTree = "<group>"; };
/* End PBXFileReference section */

/* Begin PBXFrameworksBuildPhase section */
		F9FF498722E166F000967C3C /* Frameworks */ = {
			isa = PBXFrameworksBuildPhase;
			buildActionMask = 2147483647;
			files = (
				2E19043F22E88A3C00D1B03B /* MapKit.framework in Frameworks */,
			);
			runOnlyForDeploymentPostprocessing = 0;
		};
/* End PBXFrameworksBuildPhase section */

/* Begin PBXGroup section */
		2E19043D22E88A3C00D1B03B /* Frameworks */ = {
			isa = PBXGroup;
			children = (
				2E19043E22E88A3C00D1B03B /* MapKit.framework */,
			);
			name = Frameworks;
			sourceTree = "<group>";
		};
		F9FF498122E166F000967C3C = {
			isa = PBXGroup;
			children = (
				F9FF498C22E166F000967C3C /* CreateAppointment */,
				F9FF498B22E166F000967C3C /* Products */,
				2E19043D22E88A3C00D1B03B /* Frameworks */,
			);
			sourceTree = "<group>";
		};
		F9FF498B22E166F000967C3C /* Products */ = {
			isa = PBXGroup;
			children = (
				F9FF498A22E166F000967C3C /* CreateAppointment.app */,
			);
			name = Products;
			sourceTree = "<group>";
		};
		F9FF498C22E166F000967C3C /* CreateAppointment */ = {
			isa = PBXGroup;
			children = (
				F9FF498D22E166F000967C3C /* AppDelegate.swift */,
				F9FF498F22E166F000967C3C /* ViewController.swift */,
				F9FF499122E166F000967C3C /* Main.storyboard */,
				F9FF499422E166F100967C3C /* Assets.xcassets */,
				F9FF499622E166F100967C3C /* LaunchScreen.storyboard */,
				F9FF499922E166F100967C3C /* Info.plist */,
				2E19043B22E886D600D1B03B /* Location.swift */,
				2E19044022E9EBAE00D1B03B /* LocationTableViewCell.swift */,
			);
			path = CreateAppointment;
			sourceTree = "<group>";
		};
/* End PBXGroup section */

/* Begin PBXNativeTarget section */
		F9FF498922E166F000967C3C /* CreateAppointment */ = {
			isa = PBXNativeTarget;
			buildConfigurationList = F9FF499C22E166F100967C3C /* Build configuration list for PBXNativeTarget "CreateAppointment" */;
			buildPhases = (
				F9FF498622E166F000967C3C /* Sources */,
				F9FF498722E166F000967C3C /* Frameworks */,
				F9FF498822E166F000967C3C /* Resources */,
			);
			buildRules = (
			);
			dependencies = (
			);
			name = CreateAppointment;
			productName = CreateAppointment;
			productReference = F9FF498A22E166F000967C3C /* CreateAppointment.app */;
			productType = "com.apple.product-type.application";
		};
/* End PBXNativeTarget section */

/* Begin PBXProject section */
		F9FF498222E166F000967C3C /* Project object */ = {
			isa = PBXProject;
			attributes = {
				LastSwiftUpdateCheck = 1020;
				LastUpgradeCheck = 1020;
				ORGANIZATIONNAME = SCB;
				TargetAttributes = {
					F9FF498922E166F000967C3C = {
						CreatedOnToolsVersion = 10.2.1;
						SystemCapabilities = {
							com.apple.Maps.iOS = {
								enabled = 1;
							};
						};
					};
				};
			};
			buildConfigurationList = F9FF498522E166F000967C3C /* Build configuration list for PBXProject "CreateAppointment" */;
			compatibilityVersion = "Xcode 9.3";
			developmentRegion = en;
			hasScannedForEncodings = 0;
			knownRegions = (
				en,
				Base,
			);
			mainGroup = F9FF498122E166F000967C3C;
			productRefGroup = F9FF498B22E166F000967C3C /* Products */;
			projectDirPath = "";
			projectRoot = "";
			targets = (
				F9FF498922E166F000967C3C /* CreateAppointment */,
			);
		};
/* End PBXProject section */

/* Begin PBXResourcesBuildPhase section */
		F9FF498822E166F000967C3C /* Resources */ = {
			isa = PBXResourcesBuildPhase;
			buildActionMask = 2147483647;
			files = (
				F9FF499822E166F100967C3C /* LaunchScreen.storyboard in Resources */,
				F9FF499522E166F100967C3C /* Assets.xcassets in Resources */,
				F9FF499322E166F000967C3C /* Main.storyboard in Resources */,
			);
			runOnlyForDeploymentPostprocessing = 0;
		};
/* End PBXResourcesBuildPhase section */

/* Begin PBXSourcesBuildPhase section */
		F9FF498622E166F000967C3C /* Sources */ = {
			isa = PBXSourcesBuildPhase;
			buildActionMask = 2147483647;
			files = (
				F9FF499022E166F000967C3C /* ViewController.swift in Sources */,
				2E19043C22E886D600D1B03B /* Location.swift in Sources */,
				2E19044122E9EBAE00D1B03B /* LocationTableViewCell.swift in Sources */,
				F9FF498E22E166F000967C3C /* AppDelegate.swift in Sources */,
			);
			runOnlyForDeploymentPostprocessing = 0;
		};
/* End PBXSourcesBuildPhase section */

/* Begin PBXVariantGroup section */
		F9FF499122E166F000967C3C /* Main.storyboard */ = {
			isa = PBXVariantGroup;
			children = (
				F9FF499222E166F000967C3C /* Base */,
			);
			name = Main.storyboard;
			sourceTree = "<group>";
		};
		F9FF499622E166F100967C3C /* LaunchScreen.storyboard */ = {
			isa = PBXVariantGroup;
			children = (
				F9FF499722E166F100967C3C /* Base */,
			);
			name = LaunchScreen.storyboard;
			sourceTree = "<group>";
		};
/* End PBXVariantGroup section */

/* Begin XCBuildConfiguration section */
		F9FF499A22E166F100967C3C /* Debug */ = {
			isa = XCBuildConfiguration;
			buildSettings = {
				ALWAYS_SEARCH_USER_PATHS = NO;
				CLANG_ANALYZER_NONNULL = YES;
				CLANG_ANALYZER_NUMBER_OBJECT_CONVERSION = YES_AGGRESSIVE;
				CLANG_CXX_LANGUAGE_STANDARD = "gnu++14";
				CLANG_CXX_LIBRARY = "libc++";
				CLANG_ENABLE_MODULES = YES;
				CLANG_ENABLE_OBJC_ARC = YES;
				CLANG_ENABLE_OBJC_WEAK = YES;
				CLANG_WARN_BLOCK_CAPTURE_AUTORELEASING = YES;
				CLANG_WARN_BOOL_CONVERSION = YES;
				CLANG_WARN_COMMA = YES;
				CLANG_WARN_CONSTANT_CONVERSION = YES;
				CLANG_WARN_DEPRECATED_OBJC_IMPLEMENTATIONS = YES;
				CLANG_WARN_DIRECT_OBJC_ISA_USAGE = YES_ERROR;
				CLANG_WARN_DOCUMENTATION_COMMENTS = YES;
				CLANG_WARN_EMPTY_BODY = YES;
				CLANG_WARN_ENUM_CONVERSION = YES;
				CLANG_WARN_INFINITE_RECURSION = YES;
				CLANG_WARN_INT_CONVERSION = YES;
				CLANG_WARN_NON_LITERAL_NULL_CONVERSION = YES;
				CLANG_WARN_OBJC_IMPLICIT_RETAIN_SELF = YES;
				CLANG_WARN_OBJC_LITERAL_CONVERSION = YES;
				CLANG_WARN_OBJC_ROOT_CLASS = YES_ERROR;
				CLANG_WARN_RANGE_LOOP_ANALYSIS = YES;
				CLANG_WARN_STRICT_PROTOTYPES = YES;
				CLANG_WARN_SUSPICIOUS_MOVE = YES;
				CLANG_WARN_UNGUARDED_AVAILABILITY = YES_AGGRESSIVE;
				CLANG_WARN_UNREACHABLE_CODE = YES;
				CLANG_WARN__DUPLICATE_METHOD_MATCH = YES;
				CODE_SIGN_IDENTITY = "iPhone Developer";
				COPY_PHASE_STRIP = NO;
				DEBUG_INFORMATION_FORMAT = dwarf;
				ENABLE_STRICT_OBJC_MSGSEND = YES;
				ENABLE_TESTABILITY = YES;
				GCC_C_LANGUAGE_STANDARD = gnu11;
				GCC_DYNAMIC_NO_PIC = NO;
				GCC_NO_COMMON_BLOCKS = YES;
				GCC_OPTIMIZATION_LEVEL = 0;
				GCC_PREPROCESSOR_DEFINITIONS = (
					"DEBUG=1",
					"$(inherited)",
				);
				GCC_WARN_64_TO_32_BIT_CONVERSION = YES;
				GCC_WARN_ABOUT_RETURN_TYPE = YES_ERROR;
				GCC_WARN_UNDECLARED_SELECTOR = YES;
				GCC_WARN_UNINITIALIZED_AUTOS = YES_AGGRESSIVE;
				GCC_WARN_UNUSED_FUNCTION = YES;
				GCC_WARN_UNUSED_VARIABLE = YES;
				IPHONEOS_DEPLOYMENT_TARGET = 12.2;
				MTL_ENABLE_DEBUG_INFO = INCLUDE_SOURCE;
				MTL_FAST_MATH = YES;
				ONLY_ACTIVE_ARCH = YES;
				SDKROOT = iphoneos;
				SWIFT_ACTIVE_COMPILATION_CONDITIONS = DEBUG;
				SWIFT_OPTIMIZATION_LEVEL = "-Onone";
			};
			name = Debug;
		};
		F9FF499B22E166F100967C3C /* Release */ = {
			isa = XCBuildConfiguration;
			buildSettings = {
				ALWAYS_SEARCH_USER_PATHS = NO;
				CLANG_ANALYZER_NONNULL = YES;
				CLANG_ANALYZER_NUMBER_OBJECT_CONVERSION = YES_AGGRESSIVE;
				CLANG_CXX_LANGUAGE_STANDARD = "gnu++14";
				CLANG_CXX_LIBRARY = "libc++";
				CLANG_ENABLE_MODULES = YES;
				CLANG_ENABLE_OBJC_ARC = YES;
				CLANG_ENABLE_OBJC_WEAK = YES;
				CLANG_WARN_BLOCK_CAPTURE_AUTORELEASING = YES;
				CLANG_WARN_BOOL_CONVERSION = YES;
				CLANG_WARN_COMMA = YES;
				CLANG_WARN_CONSTANT_CONVERSION = YES;
				CLANG_WARN_DEPRECATED_OBJC_IMPLEMENTATIONS = YES;
				CLANG_WARN_DIRECT_OBJC_ISA_USAGE = YES_ERROR;
				CLANG_WARN_DOCUMENTATION_COMMENTS = YES;
				CLANG_WARN_EMPTY_BODY = YES;
				CLANG_WARN_ENUM_CONVERSION = YES;
				CLANG_WARN_INFINITE_RECURSION = YES;
				CLANG_WARN_INT_CONVERSION = YES;
				CLANG_WARN_NON_LITERAL_NULL_CONVERSION = YES;
				CLANG_WARN_OBJC_IMPLICIT_RETAIN_SELF = YES;
				CLANG_WARN_OBJC_LITERAL_CONVERSION = YES;
				CLANG_WARN_OBJC_ROOT_CLASS = YES_ERROR;
				CLANG_WARN_RANGE_LOOP_ANALYSIS = YES;
				CLANG_WARN_STRICT_PROTOTYPES = YES;
				CLANG_WARN_SUSPICIOUS_MOVE = YES;
				CLANG_WARN_UNGUARDED_AVAILABILITY = YES_AGGRESSIVE;
				CLANG_WARN_UNREACHABLE_CODE = YES;
				CLANG_WARN__DUPLICATE_METHOD_MATCH = YES;
				CODE_SIGN_IDENTITY = "iPhone Developer";
				COPY_PHASE_STRIP = NO;
				DEBUG_INFORMATION_FORMAT = "dwarf-with-dsym";
				ENABLE_NS_ASSERTIONS = NO;
				ENABLE_STRICT_OBJC_MSGSEND = YES;
				GCC_C_LANGUAGE_STANDARD = gnu11;
				GCC_NO_COMMON_BLOCKS = YES;
				GCC_WARN_64_TO_32_BIT_CONVERSION = YES;
				GCC_WARN_ABOUT_RETURN_TYPE = YES_ERROR;
				GCC_WARN_UNDECLARED_SELECTOR = YES;
				GCC_WARN_UNINITIALIZED_AUTOS = YES_AGGRESSIVE;
				GCC_WARN_UNUSED_FUNCTION = YES;
				GCC_WARN_UNUSED_VARIABLE = YES;
				IPHONEOS_DEPLOYMENT_TARGET = 12.2;
				MTL_ENABLE_DEBUG_INFO = NO;
				MTL_FAST_MATH = YES;
				SDKROOT = iphoneos;
				SWIFT_COMPILATION_MODE = wholemodule;
				SWIFT_OPTIMIZATION_LEVEL = "-O";
				VALIDATE_PRODUCT = YES;
			};
			name = Release;
		};
		F9FF499D22E166F100967C3C /* Debug */ = {
			isa = XCBuildConfiguration;
			buildSettings = {
				ASSETCATALOG_COMPILER_APPICON_NAME = AppIcon;
				CODE_SIGN_STYLE = Automatic;
				DEVELOPMENT_TEAM = APLQ85S5UL;
				INFOPLIST_FILE = CreateAppointment/Info.plist;
				LD_RUNPATH_SEARCH_PATHS = (
					"$(inherited)",
					"@executable_path/Frameworks",
				);
				PRODUCT_BUNDLE_IDENTIFIER = com.scb.ios.advanced.CreateAppointment;
				PRODUCT_NAME = "$(TARGET_NAME)";
				SWIFT_VERSION = 5.0;
				TARGETED_DEVICE_FAMILY = "1,2";
			};
			name = Debug;
		};
		F9FF499E22E166F100967C3C /* Release */ = {
			isa = XCBuildConfiguration;
			buildSettings = {
				ASSETCATALOG_COMPILER_APPICON_NAME = AppIcon;
				CODE_SIGN_STYLE = Automatic;
				DEVELOPMENT_TEAM = APLQ85S5UL;
				INFOPLIST_FILE = CreateAppointment/Info.plist;
				LD_RUNPATH_SEARCH_PATHS = (
					"$(inherited)",
					"@executable_path/Frameworks",
				);
				PRODUCT_BUNDLE_IDENTIFIER = com.scb.ios.advanced.CreateAppointment;
				PRODUCT_NAME = "$(TARGET_NAME)";
				SWIFT_VERSION = 5.0;
				TARGETED_DEVICE_FAMILY = "1,2";
			};
			name = Release;
		};
/* End XCBuildConfiguration section */

/* Begin XCConfigurationList section */
		F9FF498522E166F000967C3C /* Build configuration list for PBXProject "CreateAppointment" */ = {
			isa = XCConfigurationList;
			buildConfigurations = (
				F9FF499A22E166F100967C3C /* Debug */,
				F9FF499B22E166F100967C3C /* Release */,
			);
			defaultConfigurationIsVisible = 0;
			defaultConfigurationName = Release;
		};
		F9FF499C22E166F100967C3C /* Build configuration list for PBXNativeTarget "CreateAppointment" */ = {
			isa = XCConfigurationList;
			buildConfigurations = (
				F9FF499D22E166F100967C3C /* Debug */,
				F9FF499E22E166F100967C3C /* Release */,
			);
			defaultConfigurationIsVisible = 0;
			defaultConfigurationName = Release;
		};
/* End XCConfigurationList section */
	};
	rootObject = F9FF498222E166F000967C3C /* Project object */;
}
